
Microsoft Visual Studio Solution File, Format Version 12.00
# Visual Studio 15
VisualStudioVersion = 15.0.27703.2035
MinimumVisualStudioVersion = 10.0.40219.1
Project("{FAE04EC0-301F-11D3-BF4B-00C04F79EFBC}") = "PoolLeague", "PoolLeague\PoolLeague.csproj", "{82EDB041-CFA3-41D7-91B7-11BE5EE74396}"
EndProject
Project("{FAE04EC0-301F-11D3-BF4B-00C04F79EFBC}") = "PoolLeague.Tests", "PoolLeague.Tests\PoolLeague.Tests.csproj", "{99308A08-FAEA-4D8F-B903-C0831FA2064A}"
EndProject
Global
	GlobalSection(SolutionConfigurationPlatforms) = preSolution
		Debug|Any CPU = Debug|Any CPU
		Release|Any CPU = Release|Any CPU
	EndGlobalSection
	GlobalSection(ProjectConfigurationPlatforms) = postSolution
		{82EDB041-CFA3-41D7-91B7-11BE5EE74396}.Debug|Any CPU.ActiveCfg = Debug|Any CPU
		{82EDB041-CFA3-41D7-91B7-11BE5EE74396}.Debug|Any CPU.Build.0 = Debug|Any CPU
		{82EDB041-CFA3-41D7-91B7-11BE5EE74396}.Release|Any CPU.ActiveCfg = Release|Any CPU
		{82EDB041-CFA3-41D7-91B7-11BE5EE74396}.Release|Any CPU.Build.0 = Release|Any CPU
		{99308A08-FAEA-4D8F-B903-C0831FA2064A}.Debug|Any CPU.ActiveCfg = Debug|Any CPU
		{99308A08-FAEA-4D8F-B903-C0831FA2064A}.Debug|Any CPU.Build.0 = Debug|Any CPU
		{99308A08-FAEA-4D8F-B903-C0831FA2064A}.Release|Any CPU.ActiveCfg = Release|Any CPU
		{99308A08-FAEA-4D8F-B903-C0831FA2064A}.Release|Any CPU.Build.0 = Release|Any CPU
	EndGlobalSection
	GlobalSection(SolutionProperties) = preSolution
		HideSolutionNode = FALSE
	EndGlobalSection
	GlobalSection(ExtensibilityGlobals) = postSolution
		SolutionGuid = {5B04A2F8-BDBB-456B-923E-9BCB7CF27E3C}
	EndGlobalSection
EndGlobal
